
Microsoft Visual Studio Solution File, Format Version 12.00
# Visual Studio Version 17
VisualStudioVersion = 17.2.32630.192
MinimumVisualStudioVersion = 10.0.40219.1
Project("{FAE04EC0-301F-11D3-BF4B-00C04F79EFBC}") = "SchoolFight", "SchoolFight\SchoolFight.csproj", "{30C96563-88FC-4498-821E-53EAEFC97C29}"
EndProject
Global
	GlobalSection(SolutionConfigurationPlatforms) = preSolution
		Debug|Mixed Platforms = Debug|Mixed Platforms
		Debug|x86 = Debug|x86
		Debug|Xbox 360 = Debug|Xbox 360
		Debug|Zune = Debug|Zune
		Release|Mixed Platforms = Release|Mixed Platforms
		Release|x86 = Release|x86
		Release|Xbox 360 = Release|Xbox 360
		Release|Zune = Release|Zune
	EndGlobalSection
	GlobalSection(ProjectConfigurationPlatforms) = postSolution
		{30C96563-88FC-4498-821E-53EAEFC97C29}.Debug|Mixed Platforms.ActiveCfg = Debug|x86
		{30C96563-88FC-4498-821E-53EAEFC97C29}.Debug|Mixed Platforms.Build.0 = Debug|x86
		{30C96563-88FC-4498-821E-53EAEFC97C29}.Debug|x86.ActiveCfg = Debug|x86
		{30C96563-88FC-4498-821E-53EAEFC97C29}.Debug|x86.Build.0 = Debug|x86
		{30C96563-88FC-4498-821E-53EAEFC97C29}.Debug|Xbox 360.ActiveCfg = Debug|x86
		{30C96563-88FC-4498-821E-53EAEFC97C29}.Debug|Zune.ActiveCfg = Debug|x86
		{30C96563-88FC-4498-821E-53EAEFC97C29}.Release|Mixed Platforms.ActiveCfg = Release|x86
		{30C96563-88FC-4498-821E-53EAEFC97C29}.Release|Mixed Platforms.Build.0 = Release|x86
		{30C96563-88FC-4498-821E-53EAEFC97C29}.Release|x86.ActiveCfg = Release|x86
		{30C96563-88FC-4498-821E-53EAEFC97C29}.Release|x86.Build.0 = Release|x86
		{30C96563-88FC-4498-821E-53EAEFC97C29}.Release|Xbox 360.ActiveCfg = Release|x86
		{30C96563-88FC-4498-821E-53EAEFC97C29}.Release|Zune.ActiveCfg = Release|x86
	EndGlobalSection
	GlobalSection(SolutionProperties) = preSolution
		HideSolutionNode = FALSE
	EndGlobalSection
	GlobalSection(ExtensibilityGlobals) = postSolution
		SolutionGuid = {BE8C1CD6-B981-4E23-A240-7CB9831E88AE}
	EndGlobalSection
EndGlobal
